
Microsoft Visual Studio Solution File, Format Version 12.00
# Visual Studio 15
VisualStudioVersion = 15.0.28307.539
MinimumVisualStudioVersion = 10.0.40219.1
Project("{FAE04EC0-301F-11D3-BF4B-00C04F79EFBC}") = "Entity_Framework_Exercise", "Entity_Framework_Exercise\Entity_Framework_Exercise.csproj", "{A32FF277-48C4-49FC-A6B6-8AE8F97696A7}"
EndProject
Global
	GlobalSection(SolutionConfigurationPlatforms) = preSolution
		Debug|Any CPU = Debug|Any CPU
		Release|Any CPU = Release|Any CPU
	EndGlobalSection
	GlobalSection(ProjectConfigurationPlatforms) = postSolution
		{A32FF277-48C4-49FC-A6B6-8AE8F97696A7}.Debug|Any CPU.ActiveCfg = Debug|Any CPU
		{A32FF277-48C4-49FC-A6B6-8AE8F97696A7}.Debug|Any CPU.Build.0 = Debug|Any CPU
		{A32FF277-48C4-49FC-A6B6-8AE8F97696A7}.Release|Any CPU.ActiveCfg = Release|Any CPU
		{A32FF277-48C4-49FC-A6B6-8AE8F97696A7}.Release|Any CPU.Build.0 = Release|Any CPU
	EndGlobalSection
	GlobalSection(SolutionProperties) = preSolution
		HideSolutionNode = FALSE
	EndGlobalSection
	GlobalSection(ExtensibilityGlobals) = postSolution
		SolutionGuid = {7736A7C1-34AA-4A44-A5FE-A30025846FA9}
	EndGlobalSection
EndGlobal
